
Microsoft Visual Studio Solution File, Format Version 12.00
# Visual Studio Version 17
VisualStudioVersion = 17.0.32112.339
MinimumVisualStudioVersion = 10.0.40219.1
Project("{FAE04EC0-301F-11D3-BF4B-00C04F79EFBC}") = "ExifHelper.DesktopUi", "ExifHelper.DesktopUi\ExifHelper.DesktopUi.csproj", "{D549567C-CDC3-4C9F-A47D-FD4C5969B0E3}"
EndProject
Project("{FAE04EC0-301F-11D3-BF4B-00C04F79EFBC}") = "ExifHelper.Ioc", "ExifHelper.Ioc\ExifHelper.Ioc.csproj", "{42FEA717-EC5F-4ED1-A06A-0C839DB68062}"
EndProject
Project("{FAE04EC0-301F-11D3-BF4B-00C04F79EFBC}") = "ExifHelper.Application", "ExifHelper.Application\ExifHelper.Application.csproj", "{F0E3D192-CD13-4068-BCFD-02E97E5569FC}"
EndProject
Project("{2150E333-8FDC-42A3-9474-1A3956D46DE8}") = "Solution Items", "Solution Items", "{2153C565-E602-4D7B-939B-572521DDD75C}"
	ProjectSection(SolutionItems) = preProject
		.editorconfig = .editorconfig
	EndProjectSection
EndProject
Global
	GlobalSection(SolutionConfigurationPlatforms) = preSolution
		Debug|Any CPU = Debug|Any CPU
		Release|Any CPU = Release|Any CPU
	EndGlobalSection
	GlobalSection(ProjectConfigurationPlatforms) = postSolution
		{D549567C-CDC3-4C9F-A47D-FD4C5969B0E3}.Debug|Any CPU.ActiveCfg = Debug|Any CPU
		{D549567C-CDC3-4C9F-A47D-FD4C5969B0E3}.Debug|Any CPU.Build.0 = Debug|Any CPU
		{D549567C-CDC3-4C9F-A47D-FD4C5969B0E3}.Release|Any CPU.ActiveCfg = Release|Any CPU
		{D549567C-CDC3-4C9F-A47D-FD4C5969B0E3}.Release|Any CPU.Build.0 = Release|Any CPU
		{42FEA717-EC5F-4ED1-A06A-0C839DB68062}.Debug|Any CPU.ActiveCfg = Debug|Any CPU
		{42FEA717-EC5F-4ED1-A06A-0C839DB68062}.Debug|Any CPU.Build.0 = Debug|Any CPU
		{42FEA717-EC5F-4ED1-A06A-0C839DB68062}.Release|Any CPU.ActiveCfg = Release|Any CPU
		{42FEA717-EC5F-4ED1-A06A-0C839DB68062}.Release|Any CPU.Build.0 = Release|Any CPU
		{F0E3D192-CD13-4068-BCFD-02E97E5569FC}.Debug|Any CPU.ActiveCfg = Debug|Any CPU
		{F0E3D192-CD13-4068-BCFD-02E97E5569FC}.Debug|Any CPU.Build.0 = Debug|Any CPU
		{F0E3D192-CD13-4068-BCFD-02E97E5569FC}.Release|Any CPU.ActiveCfg = Release|Any CPU
		{F0E3D192-CD13-4068-BCFD-02E97E5569FC}.Release|Any CPU.Build.0 = Release|Any CPU
	EndGlobalSection
	GlobalSection(SolutionProperties) = preSolution
		HideSolutionNode = FALSE
	EndGlobalSection
	GlobalSection(ExtensibilityGlobals) = postSolution
		SolutionGuid = {40C42F25-6872-479B-A2E2-BA111A224914}
	EndGlobalSection
EndGlobal
